// !$*UTF8*$!
{
	archiveVersion = 1;
	classes = {
	};
	objectVersion = 48;
	objects = {

/* Begin PBXBuildFile section */
		FAA6E43D2007EAC100D1F7E7 /* AppDelegate.swift in Sources */ = {isa = PBXBuildFile; fileRef = FAA6E43C2007EAC100D1F7E7 /* AppDelegate.swift */; };
		FAA6E43F2007EAC100D1F7E7 /* ViewController.swift in Sources */ = {isa = PBXBuildFile; fileRef = FAA6E43E2007EAC100D1F7E7 /* ViewController.swift */; };
		FAA6E4422007EAC100D1F7E7 /* Main.storyboard in Resources */ = {isa = PBXBuildFile; fileRef = FAA6E4402007EAC100D1F7E7 /* Main.storyboard */; };
		FAA6E4442007EAC100D1F7E7 /* Assets.xcassets in Resources */ = {isa = PBXBuildFile; fileRef = FAA6E4432007EAC100D1F7E7 /* Assets.xcassets */; };
		FAA6E4472007EAC100D1F7E7 /* LaunchScreen.storyboard in Resources */ = {isa = PBXBuildFile; fileRef = FAA6E4452007EAC100D1F7E7 /* LaunchScreen.storyboard */; };
		FAA6E4502007FCE200D1F7E7 /* CoreBluetooth.framework in Frameworks */ = {isa = PBXBuildFile; fileRef = FAA6E44F2007FCE200D1F7E7 /* CoreBluetooth.framework */; };
/* End PBXBuildFile section */

/* Begin PBXFileReference section */
		FAA6E4392007EAC100D1F7E7 /* BLEtest.app */ = {isa = PBXFileReference; explicitFileType = wrapper.application; includeInIndex = 0; path = BLEtest.app; sourceTree = BUILT_PRODUCTS_DIR; };
		FAA6E43C2007EAC100D1F7E7 /* AppDelegate.swift */ = {isa = PBXFileReference; lastKnownFileType = sourcecode.swift; path = AppDelegate.swift; sourceTree = "<group>"; };
		FAA6E43E2007EAC100D1F7E7 /* ViewController.swift */ = {isa = PBXFileReference; lastKnownFileType = sourcecode.swift; path = ViewController.swift; sourceTree = "<group>"; };
		FAA6E4412007EAC100D1F7E7 /* Base */ = {isa = PBXFileReference; lastKnownFileType = file.storyboard; name = Base; path = Base.lproj/Main.storyboard; sourceTree = "<group>"; };
		FAA6E4432007EAC100D1F7E7 /* Assets.xcassets */ = {isa = PBXFileReference; lastKnownFileType = folder.assetcatalog; path = Assets.xcassets; sourceTree = "<group>"; };
		FAA6E4462007EAC100D1F7E7 /* Base */ = {isa = PBXFileReference; lastKnownFileType = file.storyboard; name = Base; path = Base.lproj/LaunchScreen.storyboard; sourceTree = "<group>"; };
		FAA6E4482007EAC100D1F7E7 /* Info.plist */ = {isa = PBXFileReference; lastKnownFileType = text.plist.xml; path = Info.plist; sourceTree = "<group>"; };
		FAA6E44F2007FCE200D1F7E7 /* CoreBluetooth.framework */ = {isa = PBXFileReference; lastKnownFileType = wrapper.framework; name = CoreBluetooth.framework; path = System/Library/Frameworks/CoreBluetooth.framework; sourceTree = SDKROOT; };
/* End PBXFileReference section */

/* Begin PBXFrameworksBuildPhase section */
		FAA6E4362007EAC000D1F7E7 /* Frameworks */ = {
			isa = PBXFrameworksBuildPhase;
			buildActionMask = 2147483647;
			files = (
				FAA6E4502007FCE200D1F7E7 /* CoreBluetooth.framework in Frameworks */,
			);
			runOnlyForDeploymentPostprocessing = 0;
		};
/* End PBXFrameworksBuildPhase section */

/* Begin PBXGroup section */
		FAA6E4302007EAC000D1F7E7 = {
			isa = PBXGroup;
			children = (
				FAA6E43B2007EAC100D1F7E7 /* BLEtest */,
				FAA6E43A2007EAC100D1F7E7 /* Products */,
				FAA6E44E2007FCE100D1F7E7 /* Frameworks */,
			);
			sourceTree = "<group>";
		};
		FAA6E43A2007EAC100D1F7E7 /* Products */ = {
			isa = PBXGroup;
			children = (
				FAA6E4392007EAC100D1F7E7 /* BLEtest.app */,
			);
			name = Products;
			sourceTree = "<group>";
		};
		FAA6E43B2007EAC100D1F7E7 /* BLEtest */ = {
			isa = PBXGroup;
			children = (
				FAA6E43C2007EAC100D1F7E7 /* AppDelegate.swift */,
				FAA6E43E2007EAC100D1F7E7 /* ViewController.swift */,
				FAA6E4402007EAC100D1F7E7 /* Main.storyboard */,
				FAA6E4432007EAC100D1F7E7 /* Assets.xcassets */,
				FAA6E4452007EAC100D1F7E7 /* LaunchScreen.storyboard */,
				FAA6E4482007EAC100D1F7E7 /* Info.plist */,
			);
			path = BLEtest;
			sourceTree = "<group>";
		};
		FAA6E44E2007FCE100D1F7E7 /* Frameworks */ = {
			isa = PBXGroup;
			children = (
				FAA6E44F2007FCE200D1F7E7 /* CoreBluetooth.framework */,
			);
			name = Frameworks;
			sourceTree = "<group>";
		};
/* End PBXGroup section */

/* Begin PBXNativeTarget section */
		FAA6E4382007EAC000D1F7E7 /* BLEtest */ = {
			isa = PBXNativeTarget;
			buildConfigurationList = FAA6E44B2007EAC100D1F7E7 /* Build configuration list for PBXNativeTarget "BLEtest" */;
			buildPhases = (
				FAA6E4352007EAC000D1F7E7 /* Sources */,
				FAA6E4362007EAC000D1F7E7 /* Frameworks */,
				FAA6E4372007EAC000D1F7E7 /* Resources */,
			);
			buildRules = (
			);
			dependencies = (
			);
			name = BLEtest;
			productName = BLEtest;
			productReference = FAA6E4392007EAC100D1F7E7 /* BLEtest.app */;
			productType = "com.apple.product-type.application";
		};
/* End PBXNativeTarget section */

/* Begin PBXProject section */
		FAA6E4312007EAC000D1F7E7 /* Project object */ = {
			isa = PBXProject;
			attributes = {
				LastSwiftUpdateCheck = 0920;
				LastUpgradeCheck = 0920;
				ORGANIZATIONNAME = "Alexandru Bordei";
				TargetAttributes = {
					FAA6E4382007EAC000D1F7E7 = {
						CreatedOnToolsVersion = 9.2;
						ProvisioningStyle = Automatic;
						SystemCapabilities = {
							com.apple.BackgroundModes = {
								enabled = 1;
							};
						};
					};
				};
			};
			buildConfigurationList = FAA6E4342007EAC000D1F7E7 /* Build configuration list for PBXProject "BLEtest" */;
			compatibilityVersion = "Xcode 8.0";
			developmentRegion = en;
			hasScannedForEncodings = 0;
			knownRegions = (
				en,
				Base,
			);
			mainGroup = FAA6E4302007EAC000D1F7E7;
			productRefGroup = FAA6E43A2007EAC100D1F7E7 /* Products */;
			projectDirPath = "";
			projectRoot = "";
			targets = (
				FAA6E4382007EAC000D1F7E7 /* BLEtest */,
			);
		};
/* End PBXProject section */

/* Begin PBXResourcesBuildPhase section */
		FAA6E4372007EAC000D1F7E7 /* Resources */ = {
			isa = PBXResourcesBuildPhase;
			buildActionMask = 2147483647;
			files = (
				FAA6E4472007EAC100D1F7E7 /* LaunchScreen.storyboard in Resources */,
				FAA6E4442007EAC100D1F7E7 /* Assets.xcassets in Resources */,
				FAA6E4422007EAC100D1F7E7 /* Main.storyboard in Resources */,
			);
			runOnlyForDeploymentPostprocessing = 0;
		};
/* End PBXResourcesBuildPhase section */

/* Begin PBXSourcesBuildPhase section */
		FAA6E4352007EAC000D1F7E7 /* Sources */ = {
			isa = PBXSourcesBuildPhase;
			buildActionMask = 2147483647;
			files = (
				FAA6E43F2007EAC100D1F7E7 /* ViewController.swift in Sources */,
				FAA6E43D2007EAC100D1F7E7 /* AppDelegate.swift in Sources */,
			);
			runOnlyForDeploymentPostprocessing = 0;
		};
/* End PBXSourcesBuildPhase section */

/* Begin PBXVariantGroup section */
		FAA6E4402007EAC100D1F7E7 /* Main.storyboard */ = {
			isa = PBXVariantGroup;
			children = (
				FAA6E4412007EAC100D1F7E7 /* Base */,
			);
			name = Main.storyboard;
			sourceTree = "<group>";
		};
		FAA6E4452007EAC100D1F7E7 /* LaunchScreen.storyboard */ = {
			isa = PBXVariantGroup;
			children = (
				FAA6E4462007EAC100D1F7E7 /* Base */,
			);
			name = LaunchScreen.storyboard;
			sourceTree = "<group>";
		};
/* End PBXVariantGroup section */

/* Begin XCBuildConfiguration section */
		FAA6E4492007EAC100D1F7E7 /* Debug */ = {
			isa = XCBuildConfiguration;
			buildSettings = {
				ALWAYS_SEARCH_USER_PATHS = NO;
				CLANG_ANALYZER_NONNULL = YES;
				CLANG_ANALYZER_NUMBER_OBJECT_CONVERSION = YES_AGGRESSIVE;
				CLANG_CXX_LANGUAGE_STANDARD = "gnu++14";
				CLANG_CXX_LIBRARY = "libc++";
				CLANG_ENABLE_MODULES = YES;
				CLANG_ENABLE_OBJC_ARC = YES;
				CLANG_WARN_BLOCK_CAPTURE_AUTORELEASING = YES;
				CLANG_WARN_BOOL_CONVERSION = YES;
				CLANG_WARN_COMMA = YES;
				CLANG_WARN_CONSTANT_CONVERSION = YES;
				CLANG_WARN_DIRECT_OBJC_ISA_USAGE = YES_ERROR;
				CLANG_WARN_DOCUMENTATION_COMMENTS = YES;
				CLANG_WARN_EMPTY_BODY = YES;
				CLANG_WARN_ENUM_CONVERSION = YES;
				CLANG_WARN_INFINITE_RECURSION = YES;
				CLANG_WARN_INT_CONVERSION = YES;
				CLANG_WARN_NON_LITERAL_NULL_CONVERSION = YES;
				CLANG_WARN_OBJC_LITERAL_CONVERSION = YES;
				CLANG_WARN_OBJC_ROOT_CLASS = YES_ERROR;
				CLANG_WARN_RANGE_LOOP_ANALYSIS = YES;
				CLANG_WARN_STRICT_PROTOTYPES = YES;
				CLANG_WARN_SUSPICIOUS_MOVE = YES;
				CLANG_WARN_UNGUARDED_AVAILABILITY = YES_AGGRESSIVE;
				CLANG_WARN_UNREACHABLE_CODE = YES;
				CLANG_WARN__DUPLICATE_METHOD_MATCH = YES;
				CODE_SIGN_IDENTITY = "iPhone Developer";
				COPY_PHASE_STRIP = NO;
				DEBUG_INFORMATION_FORMAT = dwarf;
				ENABLE_STRICT_OBJC_MSGSEND = YES;
				ENABLE_TESTABILITY = YES;
				GCC_C_LANGUAGE_STANDARD = gnu11;
				GCC_DYNAMIC_NO_PIC = NO;
				GCC_NO_COMMON_BLOCKS = YES;
				GCC_OPTIMIZATION_LEVEL = 0;
				GCC_PREPROCESSOR_DEFINITIONS = (
					"DEBUG=1",
					"$(inherited)",
				);
				GCC_WARN_64_TO_32_BIT_CONVERSION = YES;
				GCC_WARN_ABOUT_RETURN_TYPE = YES_ERROR;
				GCC_WARN_UNDECLARED_SELECTOR = YES;
				GCC_WARN_UNINITIALIZED_AUTOS = YES_AGGRESSIVE;
				GCC_WARN_UNUSED_FUNCTION = YES;
				GCC_WARN_UNUSED_VARIABLE = YES;
				IPHONEOS_DEPLOYMENT_TARGET = 11.2;
				MTL_ENABLE_DEBUG_INFO = YES;
				ONLY_ACTIVE_ARCH = YES;
				SDKROOT = iphoneos;
				SWIFT_ACTIVE_COMPILATION_CONDITIONS = DEBUG;
				SWIFT_OPTIMIZATION_LEVEL = "-Onone";
			};
			name = Debug;
		};
		FAA6E44A2007EAC100D1F7E7 /* Release */ = {
			isa = XCBuildConfiguration;
			buildSettings = {
				ALWAYS_SEARCH_USER_PATHS = NO;
				CLANG_ANALYZER_NONNULL = YES;
				CLANG_ANALYZER_NUMBER_OBJECT_CONVERSION = YES_AGGRESSIVE;
				CLANG_CXX_LANGUAGE_STANDARD = "gnu++14";
				CLANG_CXX_LIBRARY = "libc++";
				CLANG_ENABLE_MODULES = YES;
				CLANG_ENABLE_OBJC_ARC = YES;
				CLANG_WARN_BLOCK_CAPTURE_AUTORELEASING = YES;
				CLANG_WARN_BOOL_CONVERSION = YES;
				CLANG_WARN_COMMA = YES;
				CLANG_WARN_CONSTANT_CONVERSION = YES;
				CLANG_WARN_DIRECT_OBJC_ISA_USAGE = YES_ERROR;
				CLANG_WARN_DOCUMENTATION_COMMENTS = YES;
				CLANG_WARN_EMPTY_BODY = YES;
				CLANG_WARN_ENUM_CONVERSION = YES;
				CLANG_WARN_INFINITE_RECURSION = YES;
				CLANG_WARN_INT_CONVERSION = YES;
				CLANG_WARN_NON_LITERAL_NULL_CONVERSION = YES;
				CLANG_WARN_OBJC_LITERAL_CONVERSION = YES;
				CLANG_WARN_OBJC_ROOT_CLASS = YES_ERROR;
				CLANG_WARN_RANGE_LOOP_ANALYSIS = YES;
				CLANG_WARN_STRICT_PROTOTYPES = YES;
				CLANG_WARN_SUSPICIOUS_MOVE = YES;
				CLANG_WARN_UNGUARDED_AVAILABILITY = YES_AGGRESSIVE;
				CLANG_WARN_UNREACHABLE_CODE = YES;
				CLANG_WARN__DUPLICATE_METHOD_MATCH = YES;
				CODE_SIGN_IDENTITY = "iPhone Developer";
				COPY_PHASE_STRIP = NO;
				DEBUG_INFORMATION_FORMAT = "dwarf-with-dsym";
				ENABLE_NS_ASSERTIONS = NO;
				ENABLE_STRICT_OBJC_MSGSEND = YES;
				GCC_C_LANGUAGE_STANDARD = gnu11;
				GCC_NO_COMMON_BLOCKS = YES;
				GCC_WARN_64_TO_32_BIT_CONVERSION = YES;
				GCC_WARN_ABOUT_RETURN_TYPE = YES_ERROR;
				GCC_WARN_UNDECLARED_SELECTOR = YES;
				GCC_WARN_UNINITIALIZED_AUTOS = YES_AGGRESSIVE;
				GCC_WARN_UNUSED_FUNCTION = YES;
				GCC_WARN_UNUSED_VARIABLE = YES;
				IPHONEOS_DEPLOYMENT_TARGET = 11.2;
				MTL_ENABLE_DEBUG_INFO = NO;
				SDKROOT = iphoneos;
				SWIFT_OPTIMIZATION_LEVEL = "-Owholemodule";
				VALIDATE_PRODUCT = YES;
			};
			name = Release;
		};
		FAA6E44C2007EAC100D1F7E7 /* Debug */ = {
			isa = XCBuildConfiguration;
			buildSettings = {
				ASSETCATALOG_COMPILER_APPICON_NAME = AppIcon;
				CODE_SIGN_STYLE = Automatic;
				DEVELOPMENT_TEAM = ZU8U54M6Y8;
				INFOPLIST_FILE = BLEtest/Info.plist;
				LD_RUNPATH_SEARCH_PATHS = "$(inherited) @executable_path/Frameworks";
				PRODUCT_BUNDLE_IDENTIFIER = com.homealone.BLEtest;
				PRODUCT_NAME = "$(TARGET_NAME)";
				SWIFT_VERSION = 4.0;
				TARGETED_DEVICE_FAMILY = "1,2";
			};
			name = Debug;
		};
		FAA6E44D2007EAC100D1F7E7 /* Release */ = {
			isa = XCBuildConfiguration;
			buildSettings = {
				ASSETCATALOG_COMPILER_APPICON_NAME = AppIcon;
				CODE_SIGN_STYLE = Automatic;
				DEVELOPMENT_TEAM = ZU8U54M6Y8;
				INFOPLIST_FILE = BLEtest/Info.plist;
				LD_RUNPATH_SEARCH_PATHS = "$(inherited) @executable_path/Frameworks";
				PRODUCT_BUNDLE_IDENTIFIER = com.homealone.BLEtest;
				PRODUCT_NAME = "$(TARGET_NAME)";
				SWIFT_VERSION = 4.0;
				TARGETED_DEVICE_FAMILY = "1,2";
			};
			name = Release;
		};
/* End XCBuildConfiguration section */

/* Begin XCConfigurationList section */
		FAA6E4342007EAC000D1F7E7 /* Build configuration list for PBXProject "BLEtest" */ = {
			isa = XCConfigurationList;
			buildConfigurations = (
				FAA6E4492007EAC100D1F7E7 /* Debug */,
				FAA6E44A2007EAC100D1F7E7 /* Release */,
			);
			defaultConfigurationIsVisible = 0;
			defaultConfigurationName = Release;
		};
		FAA6E44B2007EAC100D1F7E7 /* Build configuration list for PBXNativeTarget "BLEtest" */ = {
			isa = XCConfigurationList;
			buildConfigurations = (
				FAA6E44C2007EAC100D1F7E7 /* Debug */,
				FAA6E44D2007EAC100D1F7E7 /* Release */,
			);
			defaultConfigurationIsVisible = 0;
			defaultConfigurationName = Release;
		};
/* End XCConfigurationList section */
	};
	rootObject = FAA6E4312007EAC000D1F7E7 /* Project object */;
}
